
Microsoft Visual Studio Solution File, Format Version 12.00
# Visual Studio 2012
Project("{2150E333-8FDC-42A3-9474-1A3956D46DE8}") = "Apps", "Apps", "{F543B80A-7F0D-4809-BDF9-AC8E8C6AAB4B}"
EndProject
Project("{FAE04EC0-301F-11D3-BF4B-00C04F79EFBC}") = "YAPOS", "Apps\YAPOS\YAPOS.csproj", "{4FC38CE5-6B1B-418A-893A-1A1D54D08E7A}"
	ProjectSection(ProjectDependencies) = postProject
		{34837B86-11C9-42ED-8EF0-047DFBE90916} = {34837B86-11C9-42ED-8EF0-047DFBE90916}
	EndProjectSection
EndProject
Project("{2150E333-8FDC-42A3-9474-1A3956D46DE8}") = "External Libs", "External Libs", "{8F698DF5-13A8-47A6-B5C6-B3C5FEABA787}"
EndProject
Project("{2150E333-8FDC-42A3-9474-1A3956D46DE8}") = "Unity", "Unity", "{E4EFB548-3709-403C-950B-392D38AA22C7}"
EndProject
Project("{2150E333-8FDC-42A3-9474-1A3956D46DE8}") = "Desktop", "Desktop", "{DE909A9B-CBE5-482C-9407-9704B83F8A5D}"
	ProjectSection(SolutionItems) = preProject
		External Libs\Unity\2.1.505.0\Desktop\Microsoft.Practices.Unity.Configuration.dll = External Libs\Unity\2.1.505.0\Desktop\Microsoft.Practices.Unity.Configuration.dll
		External Libs\Unity\2.1.505.0\Desktop\Microsoft.Practices.Unity.Configuration.XML = External Libs\Unity\2.1.505.0\Desktop\Microsoft.Practices.Unity.Configuration.XML
		External Libs\Unity\2.1.505.0\Desktop\Microsoft.Practices.Unity.dll = External Libs\Unity\2.1.505.0\Desktop\Microsoft.Practices.Unity.dll
		External Libs\Unity\2.1.505.0\Desktop\Microsoft.Practices.Unity.Interception.Configuration.dll = External Libs\Unity\2.1.505.0\Desktop\Microsoft.Practices.Unity.Interception.Configuration.dll
		External Libs\Unity\2.1.505.0\Desktop\Microsoft.Practices.Unity.Interception.Configuration.xml = External Libs\Unity\2.1.505.0\Desktop\Microsoft.Practices.Unity.Interception.Configuration.xml
		External Libs\Unity\2.1.505.0\Desktop\Microsoft.Practices.Unity.Interception.dll = External Libs\Unity\2.1.505.0\Desktop\Microsoft.Practices.Unity.Interception.dll
		External Libs\Unity\2.1.505.0\Desktop\Microsoft.Practices.Unity.Interception.xml = External Libs\Unity\2.1.505.0\Desktop\Microsoft.Practices.Unity.Interception.xml
		External Libs\Unity\2.1.505.0\Desktop\Microsoft.Practices.Unity.xml = External Libs\Unity\2.1.505.0\Desktop\Microsoft.Practices.Unity.xml
	EndProjectSection
EndProject
Project("{2150E333-8FDC-42A3-9474-1A3956D46DE8}") = "2.1.505.0", "2.1.505.0", "{7BC6ED21-4161-40CB-A262-D2112171D8BE}"
EndProject
Project("{2150E333-8FDC-42A3-9474-1A3956D46DE8}") = "Service Location", "Service Location", "{30CA8C73-AD2F-4227-8E10-B2E03EC54E86}"
EndProject
Project("{2150E333-8FDC-42A3-9474-1A3956D46DE8}") = "1.0.0.0", "1.0.0.0", "{C705F95C-F901-4601-B2F6-078F6ED6985E}"
	ProjectSection(SolutionItems) = preProject
		External Libs\Service Location\1.0.0.0\Microsoft.Practices.ServiceLocation.dll = External Libs\Service Location\1.0.0.0\Microsoft.Practices.ServiceLocation.dll
	EndProjectSection
EndProject
Project("{2150E333-8FDC-42A3-9474-1A3956D46DE8}") = "Prism", "Prism", "{E685ED0C-ADDA-4308-855B-8E66148B23B0}"
EndProject
Project("{2150E333-8FDC-42A3-9474-1A3956D46DE8}") = "4.1.0.0", "4.1.0.0", "{FF303130-0936-4D1C-B12F-1FB019DB0D98}"
	ProjectSection(SolutionItems) = preProject
		External Libs\Prism\4.1.0.0\Microsoft.Practices.Prism.dll = External Libs\Prism\4.1.0.0\Microsoft.Practices.Prism.dll
		External Libs\Prism\4.1.0.0\Microsoft.Practices.Prism.Interactivity.dll = External Libs\Prism\4.1.0.0\Microsoft.Practices.Prism.Interactivity.dll
		External Libs\Prism\4.1.0.0\Microsoft.Practices.Prism.Interactivity.pdb = External Libs\Prism\4.1.0.0\Microsoft.Practices.Prism.Interactivity.pdb
		External Libs\Prism\4.1.0.0\Microsoft.Practices.Prism.Interactivity.XML = External Libs\Prism\4.1.0.0\Microsoft.Practices.Prism.Interactivity.XML
		External Libs\Prism\4.1.0.0\Microsoft.Practices.Prism.MefExtensions.dll = External Libs\Prism\4.1.0.0\Microsoft.Practices.Prism.MefExtensions.dll
		External Libs\Prism\4.1.0.0\Microsoft.Practices.Prism.MefExtensions.pdb = External Libs\Prism\4.1.0.0\Microsoft.Practices.Prism.MefExtensions.pdb
		External Libs\Prism\4.1.0.0\Microsoft.Practices.Prism.MefExtensions.XML = External Libs\Prism\4.1.0.0\Microsoft.Practices.Prism.MefExtensions.XML
		External Libs\Prism\4.1.0.0\Microsoft.Practices.Prism.pdb = External Libs\Prism\4.1.0.0\Microsoft.Practices.Prism.pdb
		External Libs\Prism\4.1.0.0\Microsoft.Practices.Prism.UnityExtensions.dll = External Libs\Prism\4.1.0.0\Microsoft.Practices.Prism.UnityExtensions.dll
		External Libs\Prism\4.1.0.0\Microsoft.Practices.Prism.UnityExtensions.pdb = External Libs\Prism\4.1.0.0\Microsoft.Practices.Prism.UnityExtensions.pdb
		External Libs\Prism\4.1.0.0\Microsoft.Practices.Prism.UnityExtensions.xml = External Libs\Prism\4.1.0.0\Microsoft.Practices.Prism.UnityExtensions.xml
		External Libs\Prism\4.1.0.0\Microsoft.Practices.Prism.XML = External Libs\Prism\4.1.0.0\Microsoft.Practices.Prism.XML
		External Libs\Prism\4.1.0.0\Microsoft.Practices.ServiceLocation.XML = External Libs\Prism\4.1.0.0\Microsoft.Practices.ServiceLocation.XML
		External Libs\Prism\4.1.0.0\Microsoft.Practices.Unity.xml = External Libs\Prism\4.1.0.0\Microsoft.Practices.Unity.xml
	EndProjectSection
EndProject
Project("{2150E333-8FDC-42A3-9474-1A3956D46DE8}") = "Modules", "Modules", "{8461283C-B230-4481-9FDF-12FBAA6BCAC3}"
EndProject
Project("{FAE04EC0-301F-11D3-BF4B-00C04F79EFBC}") = "ModuleHelloWorld", "Modules\ModuleHelloWorld\ModuleHelloWorld.csproj", "{E00D0765-249F-4990-A9CE-042204E76FE1}"
EndProject
Project("{2150E333-8FDC-42A3-9474-1A3956D46DE8}") = "Views", "Views", "{DAFB1570-1410-442E-B9EB-E3AAD897A341}"
EndProject
Project("{FAE04EC0-301F-11D3-BF4B-00C04F79EFBC}") = "ViewHelloWorld", "Views\ViewHelloWorld\ViewHelloWorld.csproj", "{758C00D7-390C-4625-967C-44B99EC587A3}"
EndProject
Project("{2150E333-8FDC-42A3-9474-1A3956D46DE8}") = "Enterprise Library", "Enterprise Library", "{6155FC4E-F15F-49FD-9659-C2724E583994}"
EndProject
Project("{2150E333-8FDC-42A3-9474-1A3956D46DE8}") = "5.0.505.0", "5.0.505.0", "{DF5385BA-C3CF-4905-A51A-554C8C2A6097}"
	ProjectSection(SolutionItems) = preProject
		External Libs\Enterprise Library\5.0.505.0\Desktop.profile = External Libs\Enterprise Library\5.0.505.0\Desktop.profile
		External Libs\Enterprise Library\5.0.505.0\EntLibConfig-32.exe = External Libs\Enterprise Library\5.0.505.0\EntLibConfig-32.exe
		External Libs\Enterprise Library\5.0.505.0\EntLibConfig-32.exe.config = External Libs\Enterprise Library\5.0.505.0\EntLibConfig-32.exe.config
		External Libs\Enterprise Library\5.0.505.0\EntLibConfig-32.pdb = External Libs\Enterprise Library\5.0.505.0\EntLibConfig-32.pdb
		External Libs\Enterprise Library\5.0.505.0\EntLibConfig.exe = External Libs\Enterprise Library\5.0.505.0\EntLibConfig.exe
		External Libs\Enterprise Library\5.0.505.0\EntLibConfig.exe.config = External Libs\Enterprise Library\5.0.505.0\EntLibConfig.exe.config
		External Libs\Enterprise Library\5.0.505.0\EntLibConfig.NET4-32.exe = External Libs\Enterprise Library\5.0.505.0\EntLibConfig.NET4-32.exe
		External Libs\Enterprise Library\5.0.505.0\EntLibConfig.NET4-32.exe.config = External Libs\Enterprise Library\5.0.505.0\EntLibConfig.NET4-32.exe.config
		External Libs\Enterprise Library\5.0.505.0\EntLibConfig.NET4-32.pdb = External Libs\Enterprise Library\5.0.505.0\EntLibConfig.NET4-32.pdb
		External Libs\Enterprise Library\5.0.505.0\EntLibConfig.NET4.exe = External Libs\Enterprise Library\5.0.505.0\EntLibConfig.NET4.exe
		External Libs\Enterprise Library\5.0.505.0\EntLibConfig.NET4.exe.config = External Libs\Enterprise Library\5.0.505.0\EntLibConfig.NET4.exe.config
		External Libs\Enterprise Library\5.0.505.0\EntLibConfig.NET4.pdb = External Libs\Enterprise Library\5.0.505.0\EntLibConfig.NET4.pdb
		External Libs\Enterprise Library\5.0.505.0\EntLibConfig.pdb = External Libs\Enterprise Library\5.0.505.0\EntLibConfig.pdb
		External Libs\Enterprise Library\5.0.505.0\MergeConfiguration.exe = External Libs\Enterprise Library\5.0.505.0\MergeConfiguration.exe
		External Libs\Enterprise Library\5.0.505.0\Microsoft.Practices.EnterpriseLibrary.Caching.Cryptography.dll = External Libs\Enterprise Library\5.0.505.0\Microsoft.Practices.EnterpriseLibrary.Caching.Cryptography.dll
		External Libs\Enterprise Library\5.0.505.0\Microsoft.Practices.EnterpriseLibrary.Caching.Cryptography.pdb = External Libs\Enterprise Library\5.0.505.0\Microsoft.Practices.EnterpriseLibrary.Caching.Cryptography.pdb
		External Libs\Enterprise Library\5.0.505.0\Microsoft.Practices.EnterpriseLibrary.Caching.Cryptography.xml = External Libs\Enterprise Library\5.0.505.0\Microsoft.Practices.EnterpriseLibrary.Caching.Cryptography.xml
		External Libs\Enterprise Library\5.0.505.0\Microsoft.Practices.EnterpriseLibrary.Caching.Database.dll = External Libs\Enterprise Library\5.0.505.0\Microsoft.Practices.EnterpriseLibrary.Caching.Database.dll
		External Libs\Enterprise Library\5.0.505.0\Microsoft.Practices.EnterpriseLibrary.Caching.Database.pdb = External Libs\Enterprise Library\5.0.505.0\Microsoft.Practices.EnterpriseLibrary.Caching.Database.pdb
		External Libs\Enterprise Library\5.0.505.0\Microsoft.Practices.EnterpriseLibrary.Caching.Database.xml = External Libs\Enterprise Library\5.0.505.0\Microsoft.Practices.EnterpriseLibrary.Caching.Database.xml
		External Libs\Enterprise Library\5.0.505.0\Microsoft.Practices.EnterpriseLibrary.Caching.dll = External Libs\Enterprise Library\5.0.505.0\Microsoft.Practices.EnterpriseLibrary.Caching.dll
		External Libs\Enterprise Library\5.0.505.0\Microsoft.Practices.EnterpriseLibrary.Caching.pdb = External Libs\Enterprise Library\5.0.505.0\Microsoft.Practices.EnterpriseLibrary.Caching.pdb
		External Libs\Enterprise Library\5.0.505.0\Microsoft.Practices.EnterpriseLibrary.Caching.xml = External Libs\Enterprise Library\5.0.505.0\Microsoft.Practices.EnterpriseLibrary.Caching.xml
		External Libs\Enterprise Library\5.0.505.0\Microsoft.Practices.EnterpriseLibrary.Common.dll = External Libs\Enterprise Library\5.0.505.0\Microsoft.Practices.EnterpriseLibrary.Common.dll
		External Libs\Enterprise Library\5.0.505.0\Microsoft.Practices.EnterpriseLibrary.Common.pdb = External Libs\Enterprise Library\5.0.505.0\Microsoft.Practices.EnterpriseLibrary.Common.pdb
		External Libs\Enterprise Library\5.0.505.0\Microsoft.Practices.EnterpriseLibrary.Common.xml = External Libs\Enterprise Library\5.0.505.0\Microsoft.Practices.EnterpriseLibrary.Common.xml
		External Libs\Enterprise Library\5.0.505.0\Microsoft.Practices.EnterpriseLibrary.Configuration.Design.HostAdapter.dll = External Libs\Enterprise Library\5.0.505.0\Microsoft.Practices.EnterpriseLibrary.Configuration.Design.HostAdapter.dll
		External Libs\Enterprise Library\5.0.505.0\Microsoft.Practices.EnterpriseLibrary.Configuration.Design.HostAdapterV5.dll = External Libs\Enterprise Library\5.0.505.0\Microsoft.Practices.EnterpriseLibrary.Configuration.Design.HostAdapterV5.dll
		External Libs\Enterprise Library\5.0.505.0\Microsoft.Practices.EnterpriseLibrary.Configuration.DesignTime.dll = External Libs\Enterprise Library\5.0.505.0\Microsoft.Practices.EnterpriseLibrary.Configuration.DesignTime.dll
		External Libs\Enterprise Library\5.0.505.0\Microsoft.Practices.EnterpriseLibrary.Configuration.DesignTime.pdb = External Libs\Enterprise Library\5.0.505.0\Microsoft.Practices.EnterpriseLibrary.Configuration.DesignTime.pdb
		External Libs\Enterprise Library\5.0.505.0\Microsoft.Practices.EnterpriseLibrary.Configuration.DesignTime.xml = External Libs\Enterprise Library\5.0.505.0\Microsoft.Practices.EnterpriseLibrary.Configuration.DesignTime.xml
		External Libs\Enterprise Library\5.0.505.0\Microsoft.Practices.EnterpriseLibrary.Configuration.EnvironmentalOverrides.dll = External Libs\Enterprise Library\5.0.505.0\Microsoft.Practices.EnterpriseLibrary.Configuration.EnvironmentalOverrides.dll
		External Libs\Enterprise Library\5.0.505.0\Microsoft.Practices.EnterpriseLibrary.Configuration.EnvironmentalOverrides.pdb = External Libs\Enterprise Library\5.0.505.0\Microsoft.Practices.EnterpriseLibrary.Configuration.EnvironmentalOverrides.pdb
		External Libs\Enterprise Library\5.0.505.0\Microsoft.Practices.EnterpriseLibrary.Data.dll = External Libs\Enterprise Library\5.0.505.0\Microsoft.Practices.EnterpriseLibrary.Data.dll
		External Libs\Enterprise Library\5.0.505.0\Microsoft.Practices.EnterpriseLibrary.Data.pdb = External Libs\Enterprise Library\5.0.505.0\Microsoft.Practices.EnterpriseLibrary.Data.pdb
		External Libs\Enterprise Library\5.0.505.0\Microsoft.Practices.EnterpriseLibrary.Data.SqlCe.dll = External Libs\Enterprise Library\5.0.505.0\Microsoft.Practices.EnterpriseLibrary.Data.SqlCe.dll
		External Libs\Enterprise Library\5.0.505.0\Microsoft.Practices.EnterpriseLibrary.Data.SqlCe.pdb = External Libs\Enterprise Library\5.0.505.0\Microsoft.Practices.EnterpriseLibrary.Data.SqlCe.pdb
		External Libs\Enterprise Library\5.0.505.0\Microsoft.Practices.EnterpriseLibrary.Data.SqlCe.xml = External Libs\Enterprise Library\5.0.505.0\Microsoft.Practices.EnterpriseLibrary.Data.SqlCe.xml
		External Libs\Enterprise Library\5.0.505.0\Microsoft.Practices.EnterpriseLibrary.Data.xml = External Libs\Enterprise Library\5.0.505.0\Microsoft.Practices.EnterpriseLibrary.Data.xml
		External Libs\Enterprise Library\5.0.505.0\Microsoft.Practices.EnterpriseLibrary.ExceptionHandling.dll = External Libs\Enterprise Library\5.0.505.0\Microsoft.Practices.EnterpriseLibrary.ExceptionHandling.dll
		External Libs\Enterprise Library\5.0.505.0\Microsoft.Practices.EnterpriseLibrary.ExceptionHandling.Logging.dll = External Libs\Enterprise Library\5.0.505.0\Microsoft.Practices.EnterpriseLibrary.ExceptionHandling.Logging.dll
		External Libs\Enterprise Library\5.0.505.0\Microsoft.Practices.EnterpriseLibrary.ExceptionHandling.Logging.pdb = External Libs\Enterprise Library\5.0.505.0\Microsoft.Practices.EnterpriseLibrary.ExceptionHandling.Logging.pdb
		External Libs\Enterprise Library\5.0.505.0\Microsoft.Practices.EnterpriseLibrary.ExceptionHandling.Logging.xml = External Libs\Enterprise Library\5.0.505.0\Microsoft.Practices.EnterpriseLibrary.ExceptionHandling.Logging.xml
		External Libs\Enterprise Library\5.0.505.0\Microsoft.Practices.EnterpriseLibrary.ExceptionHandling.pdb = External Libs\Enterprise Library\5.0.505.0\Microsoft.Practices.EnterpriseLibrary.ExceptionHandling.pdb
		External Libs\Enterprise Library\5.0.505.0\Microsoft.Practices.EnterpriseLibrary.ExceptionHandling.WCF.dll = External Libs\Enterprise Library\5.0.505.0\Microsoft.Practices.EnterpriseLibrary.ExceptionHandling.WCF.dll
		External Libs\Enterprise Library\5.0.505.0\Microsoft.Practices.EnterpriseLibrary.ExceptionHandling.WCF.pdb = External Libs\Enterprise Library\5.0.505.0\Microsoft.Practices.EnterpriseLibrary.ExceptionHandling.WCF.pdb
		External Libs\Enterprise Library\5.0.505.0\Microsoft.Practices.EnterpriseLibrary.ExceptionHandling.WCF.xml = External Libs\Enterprise Library\5.0.505.0\Microsoft.Practices.EnterpriseLibrary.ExceptionHandling.WCF.xml
		External Libs\Enterprise Library\5.0.505.0\Microsoft.Practices.EnterpriseLibrary.ExceptionHandling.xml = External Libs\Enterprise Library\5.0.505.0\Microsoft.Practices.EnterpriseLibrary.ExceptionHandling.xml
		External Libs\Enterprise Library\5.0.505.0\Microsoft.Practices.EnterpriseLibrary.Logging.Database.dll = External Libs\Enterprise Library\5.0.505.0\Microsoft.Practices.EnterpriseLibrary.Logging.Database.dll
		External Libs\Enterprise Library\5.0.505.0\Microsoft.Practices.EnterpriseLibrary.Logging.Database.pdb = External Libs\Enterprise Library\5.0.505.0\Microsoft.Practices.EnterpriseLibrary.Logging.Database.pdb
		External Libs\Enterprise Library\5.0.505.0\Microsoft.Practices.EnterpriseLibrary.Logging.Database.xml = External Libs\Enterprise Library\5.0.505.0\Microsoft.Practices.EnterpriseLibrary.Logging.Database.xml
		External Libs\Enterprise Library\5.0.505.0\Microsoft.Practices.EnterpriseLibrary.Logging.dll = External Libs\Enterprise Library\5.0.505.0\Microsoft.Practices.EnterpriseLibrary.Logging.dll
		External Libs\Enterprise Library\5.0.505.0\Microsoft.Practices.EnterpriseLibrary.Logging.pdb = External Libs\Enterprise Library\5.0.505.0\Microsoft.Practices.EnterpriseLibrary.Logging.pdb
		External Libs\Enterprise Library\5.0.505.0\Microsoft.Practices.EnterpriseLibrary.Logging.xml = External Libs\Enterprise Library\5.0.505.0\Microsoft.Practices.EnterpriseLibrary.Logging.xml
		External Libs\Enterprise Library\5.0.505.0\Microsoft.Practices.EnterpriseLibrary.PolicyInjection.dll = External Libs\Enterprise Library\5.0.505.0\Microsoft.Practices.EnterpriseLibrary.PolicyInjection.dll
		External Libs\Enterprise Library\5.0.505.0\Microsoft.Practices.EnterpriseLibrary.PolicyInjection.pdb = External Libs\Enterprise Library\5.0.505.0\Microsoft.Practices.EnterpriseLibrary.PolicyInjection.pdb
		External Libs\Enterprise Library\5.0.505.0\Microsoft.Practices.EnterpriseLibrary.PolicyInjection.xml = External Libs\Enterprise Library\5.0.505.0\Microsoft.Practices.EnterpriseLibrary.PolicyInjection.xml
		External Libs\Enterprise Library\5.0.505.0\Microsoft.Practices.EnterpriseLibrary.Security.AzMan.dll = External Libs\Enterprise Library\5.0.505.0\Microsoft.Practices.EnterpriseLibrary.Security.AzMan.dll
		External Libs\Enterprise Library\5.0.505.0\Microsoft.Practices.EnterpriseLibrary.Security.AzMan.pdb = External Libs\Enterprise Library\5.0.505.0\Microsoft.Practices.EnterpriseLibrary.Security.AzMan.pdb
		External Libs\Enterprise Library\5.0.505.0\Microsoft.Practices.EnterpriseLibrary.Security.AzMan.xml = External Libs\Enterprise Library\5.0.505.0\Microsoft.Practices.EnterpriseLibrary.Security.AzMan.xml
		External Libs\Enterprise Library\5.0.505.0\Microsoft.Practices.EnterpriseLibrary.Security.Cache.CachingStore.dll = External Libs\Enterprise Library\5.0.505.0\Microsoft.Practices.EnterpriseLibrary.Security.Cache.CachingStore.dll
		External Libs\Enterprise Library\5.0.505.0\Microsoft.Practices.EnterpriseLibrary.Security.Cache.CachingStore.pdb = External Libs\Enterprise Library\5.0.505.0\Microsoft.Practices.EnterpriseLibrary.Security.Cache.CachingStore.pdb
		External Libs\Enterprise Library\5.0.505.0\Microsoft.Practices.EnterpriseLibrary.Security.Cache.CachingStore.xml = External Libs\Enterprise Library\5.0.505.0\Microsoft.Practices.EnterpriseLibrary.Security.Cache.CachingStore.xml
		External Libs\Enterprise Library\5.0.505.0\Microsoft.Practices.EnterpriseLibrary.Security.Cryptography.dll = External Libs\Enterprise Library\5.0.505.0\Microsoft.Practices.EnterpriseLibrary.Security.Cryptography.dll
		External Libs\Enterprise Library\5.0.505.0\Microsoft.Practices.EnterpriseLibrary.Security.Cryptography.pdb = External Libs\Enterprise Library\5.0.505.0\Microsoft.Practices.EnterpriseLibrary.Security.Cryptography.pdb
		External Libs\Enterprise Library\5.0.505.0\Microsoft.Practices.EnterpriseLibrary.Security.Cryptography.xml = External Libs\Enterprise Library\5.0.505.0\Microsoft.Practices.EnterpriseLibrary.Security.Cryptography.xml
		External Libs\Enterprise Library\5.0.505.0\Microsoft.Practices.EnterpriseLibrary.Security.dll = External Libs\Enterprise Library\5.0.505.0\Microsoft.Practices.EnterpriseLibrary.Security.dll
		External Libs\Enterprise Library\5.0.505.0\Microsoft.Practices.EnterpriseLibrary.Security.pdb = External Libs\Enterprise Library\5.0.505.0\Microsoft.Practices.EnterpriseLibrary.Security.pdb
		External Libs\Enterprise Library\5.0.505.0\Microsoft.Practices.EnterpriseLibrary.Security.xml = External Libs\Enterprise Library\5.0.505.0\Microsoft.Practices.EnterpriseLibrary.Security.xml
		External Libs\Enterprise Library\5.0.505.0\Microsoft.Practices.EnterpriseLibrary.Validation.dll = External Libs\Enterprise Library\5.0.505.0\Microsoft.Practices.EnterpriseLibrary.Validation.dll
		External Libs\Enterprise Library\5.0.505.0\Microsoft.Practices.EnterpriseLibrary.Validation.Integration.AspNet.dll = External Libs\Enterprise Library\5.0.505.0\Microsoft.Practices.EnterpriseLibrary.Validation.Integration.AspNet.dll
		External Libs\Enterprise Library\5.0.505.0\Microsoft.Practices.EnterpriseLibrary.Validation.Integration.AspNet.pdb = External Libs\Enterprise Library\5.0.505.0\Microsoft.Practices.EnterpriseLibrary.Validation.Integration.AspNet.pdb
		External Libs\Enterprise Library\5.0.505.0\Microsoft.Practices.EnterpriseLibrary.Validation.Integration.AspNet.xml = External Libs\Enterprise Library\5.0.505.0\Microsoft.Practices.EnterpriseLibrary.Validation.Integration.AspNet.xml
		External Libs\Enterprise Library\5.0.505.0\Microsoft.Practices.EnterpriseLibrary.Validation.Integration.WCF.dll = External Libs\Enterprise Library\5.0.505.0\Microsoft.Practices.EnterpriseLibrary.Validation.Integration.WCF.dll
		External Libs\Enterprise Library\5.0.505.0\Microsoft.Practices.EnterpriseLibrary.Validation.Integration.WCF.pdb = External Libs\Enterprise Library\5.0.505.0\Microsoft.Practices.EnterpriseLibrary.Validation.Integration.WCF.pdb
		External Libs\Enterprise Library\5.0.505.0\Microsoft.Practices.EnterpriseLibrary.Validation.Integration.WCF.xml = External Libs\Enterprise Library\5.0.505.0\Microsoft.Practices.EnterpriseLibrary.Validation.Integration.WCF.xml
		External Libs\Enterprise Library\5.0.505.0\Microsoft.Practices.EnterpriseLibrary.Validation.Integration.WinForms.dll = External Libs\Enterprise Library\5.0.505.0\Microsoft.Practices.EnterpriseLibrary.Validation.Integration.WinForms.dll
		External Libs\Enterprise Library\5.0.505.0\Microsoft.Practices.EnterpriseLibrary.Validation.Integration.WinForms.pdb = External Libs\Enterprise Library\5.0.505.0\Microsoft.Practices.EnterpriseLibrary.Validation.Integration.WinForms.pdb
		External Libs\Enterprise Library\5.0.505.0\Microsoft.Practices.EnterpriseLibrary.Validation.Integration.WinForms.xml = External Libs\Enterprise Library\5.0.505.0\Microsoft.Practices.EnterpriseLibrary.Validation.Integration.WinForms.xml
		External Libs\Enterprise Library\5.0.505.0\Microsoft.Practices.EnterpriseLibrary.Validation.Integration.WPF.dll = External Libs\Enterprise Library\5.0.505.0\Microsoft.Practices.EnterpriseLibrary.Validation.Integration.WPF.dll
		External Libs\Enterprise Library\5.0.505.0\Microsoft.Practices.EnterpriseLibrary.Validation.Integration.WPF.pdb = External Libs\Enterprise Library\5.0.505.0\Microsoft.Practices.EnterpriseLibrary.Validation.Integration.WPF.pdb
		External Libs\Enterprise Library\5.0.505.0\Microsoft.Practices.EnterpriseLibrary.Validation.Integration.WPF.xml = External Libs\Enterprise Library\5.0.505.0\Microsoft.Practices.EnterpriseLibrary.Validation.Integration.WPF.xml
		External Libs\Enterprise Library\5.0.505.0\Microsoft.Practices.EnterpriseLibrary.Validation.pdb = External Libs\Enterprise Library\5.0.505.0\Microsoft.Practices.EnterpriseLibrary.Validation.pdb
		External Libs\Enterprise Library\5.0.505.0\Microsoft.Practices.EnterpriseLibrary.Validation.xml = External Libs\Enterprise Library\5.0.505.0\Microsoft.Practices.EnterpriseLibrary.Validation.xml
		External Libs\Enterprise Library\5.0.505.0\Microsoft.Practices.ServiceLocation.dll = External Libs\Enterprise Library\5.0.505.0\Microsoft.Practices.ServiceLocation.dll
		External Libs\Enterprise Library\5.0.505.0\Microsoft.Practices.ServiceLocation.pdb = External Libs\Enterprise Library\5.0.505.0\Microsoft.Practices.ServiceLocation.pdb
		External Libs\Enterprise Library\5.0.505.0\Microsoft.Practices.Unity.Configuration.dll = External Libs\Enterprise Library\5.0.505.0\Microsoft.Practices.Unity.Configuration.dll
		External Libs\Enterprise Library\5.0.505.0\Microsoft.Practices.Unity.Configuration.pdb = External Libs\Enterprise Library\5.0.505.0\Microsoft.Practices.Unity.Configuration.pdb
		External Libs\Enterprise Library\5.0.505.0\Microsoft.Practices.Unity.dll = External Libs\Enterprise Library\5.0.505.0\Microsoft.Practices.Unity.dll
		External Libs\Enterprise Library\5.0.505.0\Microsoft.Practices.Unity.Interception.Configuration.dll = External Libs\Enterprise Library\5.0.505.0\Microsoft.Practices.Unity.Interception.Configuration.dll
		External Libs\Enterprise Library\5.0.505.0\Microsoft.Practices.Unity.Interception.Configuration.pdb = External Libs\Enterprise Library\5.0.505.0\Microsoft.Practices.Unity.Interception.Configuration.pdb
		External Libs\Enterprise Library\5.0.505.0\Microsoft.Practices.Unity.Interception.dll = External Libs\Enterprise Library\5.0.505.0\Microsoft.Practices.Unity.Interception.dll
		External Libs\Enterprise Library\5.0.505.0\Microsoft.Practices.Unity.Interception.pdb = External Libs\Enterprise Library\5.0.505.0\Microsoft.Practices.Unity.Interception.pdb
		External Libs\Enterprise Library\5.0.505.0\Microsoft.Practices.Unity.pdb = External Libs\Enterprise Library\5.0.505.0\Microsoft.Practices.Unity.pdb
		External Libs\Enterprise Library\5.0.505.0\MsmqDistributor.exe = External Libs\Enterprise Library\5.0.505.0\MsmqDistributor.exe
		External Libs\Enterprise Library\5.0.505.0\MsmqDistributor.exe.config = External Libs\Enterprise Library\5.0.505.0\MsmqDistributor.exe.config
		External Libs\Enterprise Library\5.0.505.0\MsmqDistributor.pdb = External Libs\Enterprise Library\5.0.505.0\MsmqDistributor.pdb
		External Libs\Enterprise Library\5.0.505.0\MsmqDistributor.xml = External Libs\Enterprise Library\5.0.505.0\MsmqDistributor.xml
	EndProjectSection
EndProject
Project("{FAE04EC0-301F-11D3-BF4B-00C04F79EFBC}") = "Module4Regions", "Modules\Module4Regions\Module4Regions.csproj", "{34837B86-11C9-42ED-8EF0-047DFBE90916}"
EndProject
Project("{FAE04EC0-301F-11D3-BF4B-00C04F79EFBC}") = "View4Regions", "Views\View4Regions\View4Regions.csproj", "{B0DC50A6-BB87-4E38-9E82-39CFB2AF8395}"
EndProject
Project("{FAE04EC0-301F-11D3-BF4B-00C04F79EFBC}") = "Concepts", "Proof\Concepts\Concepts.csproj", "{C33EAE65-219E-40AA-89E1-B6C9DD93956B}"
EndProject
Project("{2150E333-8FDC-42A3-9474-1A3956D46DE8}") = "Proof", "Proof", "{941F18CF-982A-4A71-A91F-84AC1C67C1F3}"
EndProject
Project("{2150E333-8FDC-42A3-9474-1A3956D46DE8}") = "CustomMemebrshipProvidres", "CustomMemebrshipProvidres", "{5007BC64-3BBB-4977-8981-356E89404EB7}"
EndProject
Project("{FAE04EC0-301F-11D3-BF4B-00C04F79EFBC}") = "CustomMemebrshipProviders", "Proof\CustomMemebrshipProviders\CustomMemebrshipProviders.csproj", "{F7681820-CF25-4DCE-8CE9-599EDD9E89F3}"
EndProject
Project("{2150E333-8FDC-42A3-9474-1A3956D46DE8}") = "Controls", "Controls", "{718E1648-F841-4A6B-AFC0-04E868FD0644}"
EndProject
Project("{FAE04EC0-301F-11D3-BF4B-00C04F79EFBC}") = "ControlUserPassword", "Controls\ControlUserPassword\ControlUserPassword.csproj", "{88098E9C-7519-4763-B9C2-5DF7FEC32159}"
EndProject
Project("{FAE04EC0-301F-11D3-BF4B-00C04F79EFBC}") = "Entities", "Entities\Entities\Entities.csproj", "{94663F1A-6927-40F3-8C33-B91FAB2B28F6}"
EndProject
Project("{2150E333-8FDC-42A3-9474-1A3956D46DE8}") = "Toolbox", "Toolbox", "{EC536C9D-9C54-42DE-B7B0-39C4E949313B}"
EndProject
Project("{FAE04EC0-301F-11D3-BF4B-00C04F79EFBC}") = "Toolbox", "Toolbox\Toolbox\Toolbox.csproj", "{71188AF0-F7CC-40E3-B782-D6A4823FA18C}"
EndProject
Project("{FAE04EC0-301F-11D3-BF4B-00C04F79EFBC}") = "TestApp", "TestApp\TestApp\TestApp.csproj", "{562C817C-90E8-4949-AF21-9630F14EEABD}"
EndProject
Global
	GlobalSection(SolutionConfigurationPlatforms) = preSolution
		Debug|Any CPU = Debug|Any CPU
		Debug|x86 = Debug|x86
		Release|Any CPU = Release|Any CPU
		Release|x86 = Release|x86
	EndGlobalSection
	GlobalSection(ProjectConfigurationPlatforms) = postSolution
		{4FC38CE5-6B1B-418A-893A-1A1D54D08E7A}.Debug|Any CPU.ActiveCfg = Debug|Any CPU
		{4FC38CE5-6B1B-418A-893A-1A1D54D08E7A}.Debug|Any CPU.Build.0 = Debug|Any CPU
		{4FC38CE5-6B1B-418A-893A-1A1D54D08E7A}.Debug|x86.ActiveCfg = Debug|Any CPU
		{4FC38CE5-6B1B-418A-893A-1A1D54D08E7A}.Release|Any CPU.ActiveCfg = Release|Any CPU
		{4FC38CE5-6B1B-418A-893A-1A1D54D08E7A}.Release|Any CPU.Build.0 = Release|Any CPU
		{4FC38CE5-6B1B-418A-893A-1A1D54D08E7A}.Release|x86.ActiveCfg = Release|Any CPU
		{E00D0765-249F-4990-A9CE-042204E76FE1}.Debug|Any CPU.ActiveCfg = Debug|Any CPU
		{E00D0765-249F-4990-A9CE-042204E76FE1}.Debug|Any CPU.Build.0 = Debug|Any CPU
		{E00D0765-249F-4990-A9CE-042204E76FE1}.Debug|x86.ActiveCfg = Debug|Any CPU
		{E00D0765-249F-4990-A9CE-042204E76FE1}.Release|Any CPU.ActiveCfg = Release|Any CPU
		{E00D0765-249F-4990-A9CE-042204E76FE1}.Release|Any CPU.Build.0 = Release|Any CPU
		{E00D0765-249F-4990-A9CE-042204E76FE1}.Release|x86.ActiveCfg = Release|Any CPU
		{758C00D7-390C-4625-967C-44B99EC587A3}.Debug|Any CPU.ActiveCfg = Debug|Any CPU
		{758C00D7-390C-4625-967C-44B99EC587A3}.Debug|Any CPU.Build.0 = Debug|Any CPU
		{758C00D7-390C-4625-967C-44B99EC587A3}.Debug|x86.ActiveCfg = Debug|Any CPU
		{758C00D7-390C-4625-967C-44B99EC587A3}.Release|Any CPU.ActiveCfg = Release|Any CPU
		{758C00D7-390C-4625-967C-44B99EC587A3}.Release|Any CPU.Build.0 = Release|Any CPU
		{758C00D7-390C-4625-967C-44B99EC587A3}.Release|x86.ActiveCfg = Release|Any CPU
		{34837B86-11C9-42ED-8EF0-047DFBE90916}.Debug|Any CPU.ActiveCfg = Debug|Any CPU
		{34837B86-11C9-42ED-8EF0-047DFBE90916}.Debug|Any CPU.Build.0 = Debug|Any CPU
		{34837B86-11C9-42ED-8EF0-047DFBE90916}.Debug|x86.ActiveCfg = Debug|Any CPU
		{34837B86-11C9-42ED-8EF0-047DFBE90916}.Release|Any CPU.ActiveCfg = Release|Any CPU
		{34837B86-11C9-42ED-8EF0-047DFBE90916}.Release|Any CPU.Build.0 = Release|Any CPU
		{34837B86-11C9-42ED-8EF0-047DFBE90916}.Release|x86.ActiveCfg = Release|Any CPU
		{B0DC50A6-BB87-4E38-9E82-39CFB2AF8395}.Debug|Any CPU.ActiveCfg = Debug|Any CPU
		{B0DC50A6-BB87-4E38-9E82-39CFB2AF8395}.Debug|Any CPU.Build.0 = Debug|Any CPU
		{B0DC50A6-BB87-4E38-9E82-39CFB2AF8395}.Debug|x86.ActiveCfg = Debug|Any CPU
		{B0DC50A6-BB87-4E38-9E82-39CFB2AF8395}.Release|Any CPU.ActiveCfg = Release|Any CPU
		{B0DC50A6-BB87-4E38-9E82-39CFB2AF8395}.Release|Any CPU.Build.0 = Release|Any CPU
		{B0DC50A6-BB87-4E38-9E82-39CFB2AF8395}.Release|x86.ActiveCfg = Release|Any CPU
		{C33EAE65-219E-40AA-89E1-B6C9DD93956B}.Debug|Any CPU.ActiveCfg = Debug|Any CPU
		{C33EAE65-219E-40AA-89E1-B6C9DD93956B}.Debug|Any CPU.Build.0 = Debug|Any CPU
		{C33EAE65-219E-40AA-89E1-B6C9DD93956B}.Debug|x86.ActiveCfg = Debug|Any CPU
		{C33EAE65-219E-40AA-89E1-B6C9DD93956B}.Release|Any CPU.ActiveCfg = Release|Any CPU
		{C33EAE65-219E-40AA-89E1-B6C9DD93956B}.Release|Any CPU.Build.0 = Release|Any CPU
		{C33EAE65-219E-40AA-89E1-B6C9DD93956B}.Release|x86.ActiveCfg = Release|Any CPU
		{F7681820-CF25-4DCE-8CE9-599EDD9E89F3}.Debug|Any CPU.ActiveCfg = Debug|Any CPU
		{F7681820-CF25-4DCE-8CE9-599EDD9E89F3}.Debug|Any CPU.Build.0 = Debug|Any CPU
		{F7681820-CF25-4DCE-8CE9-599EDD9E89F3}.Debug|x86.ActiveCfg = Debug|Any CPU
		{F7681820-CF25-4DCE-8CE9-599EDD9E89F3}.Release|Any CPU.ActiveCfg = Release|Any CPU
		{F7681820-CF25-4DCE-8CE9-599EDD9E89F3}.Release|Any CPU.Build.0 = Release|Any CPU
		{F7681820-CF25-4DCE-8CE9-599EDD9E89F3}.Release|x86.ActiveCfg = Release|Any CPU
		{88098E9C-7519-4763-B9C2-5DF7FEC32159}.Debug|Any CPU.ActiveCfg = Debug|Any CPU
		{88098E9C-7519-4763-B9C2-5DF7FEC32159}.Debug|Any CPU.Build.0 = Debug|Any CPU
		{88098E9C-7519-4763-B9C2-5DF7FEC32159}.Debug|x86.ActiveCfg = Debug|Any CPU
		{88098E9C-7519-4763-B9C2-5DF7FEC32159}.Release|Any CPU.ActiveCfg = Release|Any CPU
		{88098E9C-7519-4763-B9C2-5DF7FEC32159}.Release|Any CPU.Build.0 = Release|Any CPU
		{88098E9C-7519-4763-B9C2-5DF7FEC32159}.Release|x86.ActiveCfg = Release|Any CPU
		{94663F1A-6927-40F3-8C33-B91FAB2B28F6}.Debug|Any CPU.ActiveCfg = Debug|Any CPU
		{94663F1A-6927-40F3-8C33-B91FAB2B28F6}.Debug|Any CPU.Build.0 = Debug|Any CPU
		{94663F1A-6927-40F3-8C33-B91FAB2B28F6}.Debug|x86.ActiveCfg = Debug|Any CPU
		{94663F1A-6927-40F3-8C33-B91FAB2B28F6}.Release|Any CPU.ActiveCfg = Release|Any CPU
		{94663F1A-6927-40F3-8C33-B91FAB2B28F6}.Release|Any CPU.Build.0 = Release|Any CPU
		{94663F1A-6927-40F3-8C33-B91FAB2B28F6}.Release|x86.ActiveCfg = Release|Any CPU
		{71188AF0-F7CC-40E3-B782-D6A4823FA18C}.Debug|Any CPU.ActiveCfg = Debug|Any CPU
		{71188AF0-F7CC-40E3-B782-D6A4823FA18C}.Debug|Any CPU.Build.0 = Debug|Any CPU
		{71188AF0-F7CC-40E3-B782-D6A4823FA18C}.Debug|x86.ActiveCfg = Debug|x86
		{71188AF0-F7CC-40E3-B782-D6A4823FA18C}.Debug|x86.Build.0 = Debug|x86
		{71188AF0-F7CC-40E3-B782-D6A4823FA18C}.Release|Any CPU.ActiveCfg = Release|Any CPU
		{71188AF0-F7CC-40E3-B782-D6A4823FA18C}.Release|Any CPU.Build.0 = Release|Any CPU
		{71188AF0-F7CC-40E3-B782-D6A4823FA18C}.Release|x86.ActiveCfg = Release|x86
		{71188AF0-F7CC-40E3-B782-D6A4823FA18C}.Release|x86.Build.0 = Release|x86
		{562C817C-90E8-4949-AF21-9630F14EEABD}.Debug|Any CPU.ActiveCfg = Debug|Any CPU
		{562C817C-90E8-4949-AF21-9630F14EEABD}.Debug|Any CPU.Build.0 = Debug|Any CPU
		{562C817C-90E8-4949-AF21-9630F14EEABD}.Debug|x86.ActiveCfg = Debug|Any CPU
		{562C817C-90E8-4949-AF21-9630F14EEABD}.Release|Any CPU.ActiveCfg = Release|Any CPU
		{562C817C-90E8-4949-AF21-9630F14EEABD}.Release|Any CPU.Build.0 = Release|Any CPU
		{562C817C-90E8-4949-AF21-9630F14EEABD}.Release|x86.ActiveCfg = Release|Any CPU
	EndGlobalSection
	GlobalSection(SolutionProperties) = preSolution
		HideSolutionNode = FALSE
	EndGlobalSection
	GlobalSection(NestedProjects) = preSolution
		{4FC38CE5-6B1B-418A-893A-1A1D54D08E7A} = {F543B80A-7F0D-4809-BDF9-AC8E8C6AAB4B}
		{E4EFB548-3709-403C-950B-392D38AA22C7} = {8F698DF5-13A8-47A6-B5C6-B3C5FEABA787}
		{30CA8C73-AD2F-4227-8E10-B2E03EC54E86} = {8F698DF5-13A8-47A6-B5C6-B3C5FEABA787}
		{E685ED0C-ADDA-4308-855B-8E66148B23B0} = {8F698DF5-13A8-47A6-B5C6-B3C5FEABA787}
		{6155FC4E-F15F-49FD-9659-C2724E583994} = {8F698DF5-13A8-47A6-B5C6-B3C5FEABA787}
		{7BC6ED21-4161-40CB-A262-D2112171D8BE} = {E4EFB548-3709-403C-950B-392D38AA22C7}
		{DE909A9B-CBE5-482C-9407-9704B83F8A5D} = {7BC6ED21-4161-40CB-A262-D2112171D8BE}
		{C705F95C-F901-4601-B2F6-078F6ED6985E} = {30CA8C73-AD2F-4227-8E10-B2E03EC54E86}
		{FF303130-0936-4D1C-B12F-1FB019DB0D98} = {E685ED0C-ADDA-4308-855B-8E66148B23B0}
		{E00D0765-249F-4990-A9CE-042204E76FE1} = {8461283C-B230-4481-9FDF-12FBAA6BCAC3}
		{34837B86-11C9-42ED-8EF0-047DFBE90916} = {8461283C-B230-4481-9FDF-12FBAA6BCAC3}
		{758C00D7-390C-4625-967C-44B99EC587A3} = {DAFB1570-1410-442E-B9EB-E3AAD897A341}
		{B0DC50A6-BB87-4E38-9E82-39CFB2AF8395} = {DAFB1570-1410-442E-B9EB-E3AAD897A341}
		{DF5385BA-C3CF-4905-A51A-554C8C2A6097} = {6155FC4E-F15F-49FD-9659-C2724E583994}
		{C33EAE65-219E-40AA-89E1-B6C9DD93956B} = {941F18CF-982A-4A71-A91F-84AC1C67C1F3}
		{5007BC64-3BBB-4977-8981-356E89404EB7} = {941F18CF-982A-4A71-A91F-84AC1C67C1F3}
		{F7681820-CF25-4DCE-8CE9-599EDD9E89F3} = {5007BC64-3BBB-4977-8981-356E89404EB7}
		{88098E9C-7519-4763-B9C2-5DF7FEC32159} = {718E1648-F841-4A6B-AFC0-04E868FD0644}
		{71188AF0-F7CC-40E3-B782-D6A4823FA18C} = {EC536C9D-9C54-42DE-B7B0-39C4E949313B}
	EndGlobalSection
EndGlobal
